
Microsoft Visual Studio Solution File, Format Version 12.00
# Visual Studio Version 17
VisualStudioVersion = 17.2.32526.322
MinimumVisualStudioVersion = 10.0.40219.1
Project("{2150E333-8FDC-42A3-9474-1A3956D46DE8}") = "src", "src", "{817F15A1-CB29-4E0B-A2B5-C0E70CE6512C}"
EndProject
Project("{2150E333-8FDC-42A3-9474-1A3956D46DE8}") = "test", "test", "{AD6F9F26-D539-4B4B-B40E-B4F7339B275E}"
EndProject
Project("{9A19103F-16F7-4668-BE54-9A1E7A4F7556}") = "IdentityAuthentication.Abstractions", "src\IdentityAuthentication.Abstractions\IdentityAuthentication.Abstractions.csproj", "{47F21C23-0405-4AE0-A477-32B63AEC319B}"
EndProject
Project("{9A19103F-16F7-4668-BE54-9A1E7A4F7556}") = "IdentityAuthentication.Application", "src\IdentityAuthentication.Application\IdentityAuthentication.Application.csproj", "{055A7D9E-BD08-4B55-AED6-B8AA50DEC4BA}"
EndProject
Project("{2150E333-8FDC-42A3-9474-1A3956D46DE8}") = "Authentications", "Authentications", "{255F7F1B-EBE9-4967-BCBA-C457C436A636}"
EndProject
Project("{9A19103F-16F7-4668-BE54-9A1E7A4F7556}") = "Authentication.Abstractions", "src\Authentication.Abstractions\Authentication.Abstractions.csproj", "{BC01459B-85C3-4D35-9B31-771FA0C1512B}"
EndProject
Project("{9A19103F-16F7-4668-BE54-9A1E7A4F7556}") = "Authentication.Local", "src\Authentication.Local\Authentication.Local.csproj", "{B3053F93-9E2A-4F26-8ADA-FC875ECE4F3C}"
EndProject
Project("{9A19103F-16F7-4668-BE54-9A1E7A4F7556}") = "IdentityAuthentication.Core", "src\IdentityAuthentication.Core\IdentityAuthentication.Core.csproj", "{95258A25-6B49-47A0-AA74-D07E5CF5198A}"
EndProject
Project("{FAE04EC0-301F-11D3-BF4B-00C04F79EFBC}") = "IdentityAuthentication.Extensions", "src\IdentityAuthentication.Extensions\IdentityAuthentication.Extensions.csproj", "{90BE5A36-2852-4C31-84A2-13B8BC47D6BA}"
EndProject
Global
	GlobalSection(SolutionConfigurationPlatforms) = preSolution
		Debug|Any CPU = Debug|Any CPU
		Release|Any CPU = Release|Any CPU
	EndGlobalSection
	GlobalSection(ProjectConfigurationPlatforms) = postSolution
		{47F21C23-0405-4AE0-A477-32B63AEC319B}.Debug|Any CPU.ActiveCfg = Debug|Any CPU
		{47F21C23-0405-4AE0-A477-32B63AEC319B}.Debug|Any CPU.Build.0 = Debug|Any CPU
		{47F21C23-0405-4AE0-A477-32B63AEC319B}.Release|Any CPU.ActiveCfg = Release|Any CPU
		{47F21C23-0405-4AE0-A477-32B63AEC319B}.Release|Any CPU.Build.0 = Release|Any CPU
		{055A7D9E-BD08-4B55-AED6-B8AA50DEC4BA}.Debug|Any CPU.ActiveCfg = Debug|Any CPU
		{055A7D9E-BD08-4B55-AED6-B8AA50DEC4BA}.Debug|Any CPU.Build.0 = Debug|Any CPU
		{055A7D9E-BD08-4B55-AED6-B8AA50DEC4BA}.Release|Any CPU.ActiveCfg = Release|Any CPU
		{055A7D9E-BD08-4B55-AED6-B8AA50DEC4BA}.Release|Any CPU.Build.0 = Release|Any CPU
		{BC01459B-85C3-4D35-9B31-771FA0C1512B}.Debug|Any CPU.ActiveCfg = Debug|Any CPU
		{BC01459B-85C3-4D35-9B31-771FA0C1512B}.Debug|Any CPU.Build.0 = Debug|Any CPU
		{BC01459B-85C3-4D35-9B31-771FA0C1512B}.Release|Any CPU.ActiveCfg = Release|Any CPU
		{BC01459B-85C3-4D35-9B31-771FA0C1512B}.Release|Any CPU.Build.0 = Release|Any CPU
		{B3053F93-9E2A-4F26-8ADA-FC875ECE4F3C}.Debug|Any CPU.ActiveCfg = Debug|Any CPU
		{B3053F93-9E2A-4F26-8ADA-FC875ECE4F3C}.Debug|Any CPU.Build.0 = Debug|Any CPU
		{B3053F93-9E2A-4F26-8ADA-FC875ECE4F3C}.Release|Any CPU.ActiveCfg = Release|Any CPU
		{B3053F93-9E2A-4F26-8ADA-FC875ECE4F3C}.Release|Any CPU.Build.0 = Release|Any CPU
		{95258A25-6B49-47A0-AA74-D07E5CF5198A}.Debug|Any CPU.ActiveCfg = Debug|Any CPU
		{95258A25-6B49-47A0-AA74-D07E5CF5198A}.Debug|Any CPU.Build.0 = Debug|Any CPU
		{95258A25-6B49-47A0-AA74-D07E5CF5198A}.Release|Any CPU.ActiveCfg = Release|Any CPU
		{95258A25-6B49-47A0-AA74-D07E5CF5198A}.Release|Any CPU.Build.0 = Release|Any CPU
		{90BE5A36-2852-4C31-84A2-13B8BC47D6BA}.Debug|Any CPU.ActiveCfg = Debug|Any CPU
		{90BE5A36-2852-4C31-84A2-13B8BC47D6BA}.Debug|Any CPU.Build.0 = Debug|Any CPU
		{90BE5A36-2852-4C31-84A2-13B8BC47D6BA}.Release|Any CPU.ActiveCfg = Release|Any CPU
		{90BE5A36-2852-4C31-84A2-13B8BC47D6BA}.Release|Any CPU.Build.0 = Release|Any CPU
	EndGlobalSection
	GlobalSection(SolutionProperties) = preSolution
		HideSolutionNode = FALSE
	EndGlobalSection
	GlobalSection(NestedProjects) = preSolution
		{47F21C23-0405-4AE0-A477-32B63AEC319B} = {817F15A1-CB29-4E0B-A2B5-C0E70CE6512C}
		{055A7D9E-BD08-4B55-AED6-B8AA50DEC4BA} = {817F15A1-CB29-4E0B-A2B5-C0E70CE6512C}
		{255F7F1B-EBE9-4967-BCBA-C457C436A636} = {817F15A1-CB29-4E0B-A2B5-C0E70CE6512C}
		{BC01459B-85C3-4D35-9B31-771FA0C1512B} = {255F7F1B-EBE9-4967-BCBA-C457C436A636}
		{B3053F93-9E2A-4F26-8ADA-FC875ECE4F3C} = {255F7F1B-EBE9-4967-BCBA-C457C436A636}
		{95258A25-6B49-47A0-AA74-D07E5CF5198A} = {817F15A1-CB29-4E0B-A2B5-C0E70CE6512C}
		{90BE5A36-2852-4C31-84A2-13B8BC47D6BA} = {817F15A1-CB29-4E0B-A2B5-C0E70CE6512C}
	EndGlobalSection
	GlobalSection(ExtensibilityGlobals) = postSolution
		SolutionGuid = {5CB576AE-56FE-4102-9DB7-99BCA140BC7B}
	EndGlobalSection
EndGlobal
